version = 1
revision = 3
requires-python = ">=3.12"

[[package]]
name = "asgiref"
version = "3.11.0"
source = { registry = "https://pypi.org/simple" }
sdist = { url = "https://files.pythonhosted.org/packages/76/b9/4db2509eabd14b4a8c71d1b24c8d5734c52b8560a7b1e1a8b56c8d25568b/asgiref-3.11.0.tar.gz", hash = "sha256:13acff32519542a1736223fb79a715acdebe24286d98e8b164a73085f40da2c4", size = 37969, upload-time = "2025-11-19T15:32:20.106Z" }
wheels = [
    { url = "https://files.pythonhosted.org/packages/91/be/317c2c55b8bbec407257d45f5c8d1b6867abc76d12043f2d3d58c538a4ea/asgiref-3.11.0-py3-none-any.whl", hash = "sha256:1db9021efadb0d9512ce8ffaf72fcef601c7b73a8807a1bb2ef143dc6b14846d", size = 24096, upload-time = "2025-11-19T15:32:19.004Z" },
]

[[package]]
name = "bleach"
version = "6.3.0"
source = { registry = "https://pypi.org/simple" }
dependencies = [
    { name = "webencodings" },
]
sdist = { url = "https://files.pythonhosted.org/packages/07/18/3c8523962314be6bf4c8989c79ad9531c825210dd13a8669f6b84336e8bd/bleach-6.3.0.tar.gz", hash = "sha256:6f3b91b1c0a02bb9a78b5a454c92506aa0fdf197e1d5e114d2e00c6f64306d22", size = 203533, upload-time = "2025-10-27T17:57:39.211Z" }
wheels = [
    { url = "https://files.pythonhosted.org/packages/cd/3a/577b549de0cc09d95f11087ee63c739bba856cd3952697eec4c4bb91350a/bleach-6.3.0-py3-none-any.whl", hash = "sha256:fe10ec77c93ddf3d13a73b035abaac7a9f5e436513864ccdad516693213c65d6", size = 164437, upload-time = "2025-10-27T17:57:37.538Z" },
]

[[package]]
name = "chaitinschool"
version = "0.1.0"
source = { virtual = "." }
dependencies = [
    { name = "bleach" },
    { name = "django" },
    { name = "gunicorn" },
    { name = "mistune" },
]

[package.dev-dependencies]
dev = [
    { name = "djade" },
    { name = "ruff" },
]

[package.metadata]
requires-dist = [
    { name = "bleach", specifier = ">=6.3.0" },
    { name = "django", specifier = ">=6.0" },
    { name = "gunicorn", specifier = ">=23.0.0" },
    { name = "mistune", specifier = ">=3.1.4" },
]

[package.metadata.requires-dev]
dev = [
    { name = "djade", specifier = ">=1.7.0" },
    { name = "ruff", specifier = ">=0.14.9" },
]

[[package]]
name = "djade"
version = "1.7.0"
source = { registry = "https://pypi.org/simple" }
sdist = { url = "https://files.pythonhosted.org/packages/d5/31/05baa6b0419c6cd13e4ecae275aadfb6d5c0b332f1b06d4fccb4cb4a2b29/djade-1.7.0.tar.gz", hash = "sha256:b49e7ad42050ecac10ae990a6adbecec08c62b0a32a33de748d63d948bced815", size = 39433, upload-time = "2025-12-10T16:03:53.618Z" }
wheels = [
    { url = "https://files.pythonhosted.org/packages/e9/41/d25b88a4ff05a495aaf992793eae116b867e6a4ebda64701f737f22abf18/djade-1.7.0-py3-none-macosx_10_12_x86_64.whl", hash = "sha256:084f505338862542343d4cabbd52a8e58a8b05cc1a0eb37d78824073485d4c8d", size = 1156096, upload-time = "2025-12-10T16:03:35.626Z" },
    { url = "https://files.pythonhosted.org/packages/bb/1f/8ca54f7d4ab2c26095f938cedb13d2508032d9eadcfd07757a46a02cc38a/djade-1.7.0-py3-none-macosx_11_0_arm64.whl", hash = "sha256:9676b72b9e9e494d977f887cda825e333e699ae7184384795d5a9e2e5d2c7f69", size = 1097385, upload-time = "2025-12-10T16:03:38.21Z" },
    { url = "https://files.pythonhosted.org/packages/f5/5d/781d7204973cd12138805d4a6b67ec7666771b66709242f6b7b6834f862b/djade-1.7.0-py3-none-manylinux_2_17_aarch64.manylinux2014_aarch64.whl", hash = "sha256:0102aaf6f1a259f2ca78839c796b130fc53868965b01fb0b8d5768c5fe142b99", size = 1142211, upload-time = "2025-12-10T16:03:39.72Z" },
    { url = "https://files.pythonhosted.org/packages/e9/aa/ba674b4a78be552f9bba496369f0a436b0eebc0bfc7c41bd250776428967/djade-1.7.0-py3-none-manylinux_2_17_armv7l.manylinux2014_armv7l.whl", hash = "sha256:db11d4563b73c3eacd2433005e9467d67c3a58c61ce6b5d821b89b124d1dd168", size = 1077205, upload-time = "2025-12-10T16:03:41.001Z" },
    { url = "https://files.pythonhosted.org/packages/0d/2d/30f9ce233e02e9e29793b8eb2784a09d5d18b8aa6bbb53374403cee39ac8/djade-1.7.0-py3-none-manylinux_2_17_i686.manylinux2014_i686.whl", hash = "sha256:6aa4659a2c3c172cf0ed35d19cb2d396248e6889b47b4ae52263be1d89f0a532", size = 1264698, upload-time = "2025-12-10T16:03:43.481Z" },
    { url = "https://files.pythonhosted.org/packages/6a/88/a5a79f2e57e13c0403a238173744d3eb08f03616f0e399a6fe88a806bf66/djade-1.7.0-py3-none-manylinux_2_17_x86_64.manylinux2014_x86_64.whl", hash = "sha256:9596896b44e25fbd897e0e8d134a108184f56c32feff8607028daa2315506f47", size = 1217375, upload-time = "2025-12-10T16:03:44.908Z" },
    { url = "https://files.pythonhosted.org/packages/dd/a2/73839c8d4f9e96ed3f4a4e6e51cc2934fdbc1f1f4ff8be1effbdb7574fe5/djade-1.7.0-py3-none-musllinux_1_1_aarch64.whl", hash = "sha256:7fbdfece645f5816adae816eed847db1905d1e14cba3da5384706adce1eefb2a", size = 1139307, upload-time = "2025-12-10T16:03:46.599Z" },
    { url = "https://files.pythonhosted.org/packages/d0/a1/462b4e004c5fc9ce9d4f93968e8ee5ba646c033f95e05fc70d8864ac3cb8/djade-1.7.0-py3-none-musllinux_1_1_x86_64.whl", hash = "sha256:51221cff697e1eaa709e375ecac331366ec68cd90567de36f4bd3daca94e8327", size = 1277128, upload-time = "2025-12-10T16:03:47.997Z" },
    { url = "https://files.pythonhosted.org/packages/0c/54/8b2fc833d1fdeb08d9e87a1db7dd8d4b64854b9d62c7867b69519c357f21/djade-1.7.0-py3-none-win32.whl", hash = "sha256:20308b03c51bd2551137f5852afb663ac5f86015321cc4f45363427f7dbd9534", size = 988134, upload-time = "2025-12-10T16:03:49.264Z" },
    { url = "https://files.pythonhosted.org/packages/f9/dd/fea876ed43f13182a6381c56dbe8daf4ed4d745228292c38ea44e85ea56d/djade-1.7.0-py3-none-win_amd64.whl", hash = "sha256:a1d41819a0409c74e0e521e856799cbce38c50a1bd5b020fa209a40f9441b499", size = 1098723, upload-time = "2025-12-10T16:03:50.788Z" },
    { url = "https://files.pythonhosted.org/packages/2c/51/438fcae17c2afa62966f0fbda3799f3bada7110d92cc3c58ebc47b636925/djade-1.7.0-py3-none-win_arm64.whl", hash = "sha256:fef26be22c5b3c15e6b8be3888ae0672aab5067d219cf2be145af22860757c08", size = 1028482, upload-time = "2025-12-10T16:03:52.098Z" },
]

[[package]]
name = "django"
version = "6.0"
source = { registry = "https://pypi.org/simple" }
dependencies = [
    { name = "asgiref" },
    { name = "sqlparse" },
    { name = "tzdata", marker = "sys_platform == 'win32'" },
]
sdist = { url = "https://files.pythonhosted.org/packages/15/75/19762bfc4ea556c303d9af8e36f0cd910ab17dff6c8774644314427a2120/django-6.0.tar.gz", hash = "sha256:7b0c1f50c0759bbe6331c6a39c89ae022a84672674aeda908784617ef47d8e26", size = 10932418, upload-time = "2025-12-03T16:26:21.878Z" }
wheels = [
    { url = "https://files.pythonhosted.org/packages/d7/ae/f19e24789a5ad852670d6885f5480f5e5895576945fcc01817dfd9bc002a/django-6.0-py3-none-any.whl", hash = "sha256:1cc2c7344303bbfb7ba5070487c17f7fc0b7174bbb0a38cebf03c675f5f19b6d", size = 8339181, upload-time = "2025-12-03T16:26:16.231Z" },
]

[[package]]
name = "gunicorn"
version = "23.0.0"
source = { registry = "https://pypi.org/simple" }
dependencies = [
    { name = "packaging" },
]
sdist = { url = "https://files.pythonhosted.org/packages/34/72/9614c465dc206155d93eff0ca20d42e1e35afc533971379482de953521a4/gunicorn-23.0.0.tar.gz", hash = "sha256:f014447a0101dc57e294f6c18ca6b40227a4c90e9bdb586042628030cba004ec", size = 375031, upload-time = "2024-08-10T20:25:27.378Z" }
wheels = [
    { url = "https://files.pythonhosted.org/packages/cb/7d/6dac2a6e1eba33ee43f318edbed4ff29151a49b5d37f080aad1e6469bca4/gunicorn-23.0.0-py3-none-any.whl", hash = "sha256:ec400d38950de4dfd418cff8328b2c8faed0edb0d517d3394e457c317908ca4d", size = 85029, upload-time = "2024-08-10T20:25:24.996Z" },
]

[[package]]
name = "mistune"
version = "3.1.4"
source = { registry = "https://pypi.org/simple" }
sdist = { url = "https://files.pythonhosted.org/packages/d7/02/a7fb8b21d4d55ac93cdcde9d3638da5dd0ebdd3a4fed76c7725e10b81cbe/mistune-3.1.4.tar.gz", hash = "sha256:b5a7f801d389f724ec702840c11d8fc48f2b33519102fc7ee739e8177b672164", size = 94588, upload-time = "2025-08-29T07:20:43.594Z" }
wheels = [
    { url = "https://files.pythonhosted.org/packages/7a/f0/8282d9641415e9e33df173516226b404d367a0fc55e1a60424a152913abc/mistune-3.1.4-py3-none-any.whl", hash = "sha256:93691da911e5d9d2e23bc54472892aff676df27a75274962ff9edc210364266d", size = 53481, upload-time = "2025-08-29T07:20:42.218Z" },
]

[[package]]
name = "packaging"
version = "25.0"
source = { registry = "https://pypi.org/simple" }
sdist = { url = "https://files.pythonhosted.org/packages/a1/d4/1fc4078c65507b51b96ca8f8c3ba19e6a61c8253c72794544580a7b6c24d/packaging-25.0.tar.gz", hash = "sha256:d443872c98d677bf60f6a1f2f8c1cb748e8fe762d2bf9d3148b5599295b0fc4f", size = 165727, upload-time = "2025-04-19T11:48:59.673Z" }
wheels = [
    { url = "https://files.pythonhosted.org/packages/20/12/38679034af332785aac8774540895e234f4d07f7545804097de4b666afd8/packaging-25.0-py3-none-any.whl", hash = "sha256:29572ef2b1f17581046b3a2227d5c611fb25ec70ca1ba8554b24b0e69331a484", size = 66469, upload-time = "2025-04-19T11:48:57.875Z" },
]

[[package]]
name = "ruff"
version = "0.14.9"
source = { registry = "https://pypi.org/simple" }
sdist = { url = "https://files.pythonhosted.org/packages/f6/1b/ab712a9d5044435be8e9a2beb17cbfa4c241aa9b5e4413febac2a8b79ef2/ruff-0.14.9.tar.gz", hash = "sha256:35f85b25dd586381c0cc053f48826109384c81c00ad7ef1bd977bfcc28119d5b", size = 5809165, upload-time = "2025-12-11T21:39:47.381Z" }
wheels = [
    { url = "https://files.pythonhosted.org/packages/b8/1c/d1b1bba22cffec02351c78ab9ed4f7d7391876e12720298448b29b7229c1/ruff-0.14.9-py3-none-linux_armv6l.whl", hash = "sha256:f1ec5de1ce150ca6e43691f4a9ef5c04574ad9ca35c8b3b0e18877314aba7e75", size = 13576541, upload-time = "2025-12-11T21:39:14.806Z" },
    { url = "https://files.pythonhosted.org/packages/94/ab/ffe580e6ea1fca67f6337b0af59fc7e683344a43642d2d55d251ff83ceae/ruff-0.14.9-py3-none-macosx_10_12_x86_64.whl", hash = "sha256:ed9d7417a299fc6030b4f26333bf1117ed82a61ea91238558c0268c14e00d0c2", size = 13779363, upload-time = "2025-12-11T21:39:20.29Z" },
    { url = "https://files.pythonhosted.org/packages/7d/f8/2be49047f929d6965401855461e697ab185e1a6a683d914c5c19c7962d9e/ruff-0.14.9-py3-none-macosx_11_0_arm64.whl", hash = "sha256:d5dc3473c3f0e4a1008d0ef1d75cee24a48e254c8bed3a7afdd2b4392657ed2c", size = 12925292, upload-time = "2025-12-11T21:39:38.757Z" },
    { url = "https://files.pythonhosted.org/packages/9e/e9/08840ff5127916bb989c86f18924fd568938b06f58b60e206176f327c0fe/ruff-0.14.9-py3-none-manylinux_2_17_aarch64.manylinux2014_aarch64.whl", hash = "sha256:84bf7c698fc8f3cb8278830fb6b5a47f9bcc1ed8cb4f689b9dd02698fa840697", size = 13362894, upload-time = "2025-12-11T21:39:02.524Z" },
    { url = "https://files.pythonhosted.org/packages/31/1c/5b4e8e7750613ef43390bb58658eaf1d862c0cc3352d139cd718a2cea164/ruff-0.14.9-py3-none-manylinux_2_17_armv7l.manylinux2014_armv7l.whl", hash = "sha256:aa733093d1f9d88a5d98988d8834ef5d6f9828d03743bf5e338bf980a19fce27", size = 13311482, upload-time = "2025-12-11T21:39:17.51Z" },
    { url = "https://files.pythonhosted.org/packages/5b/3a/459dce7a8cb35ba1ea3e9c88f19077667a7977234f3b5ab197fad240b404/ruff-0.14.9-py3-none-manylinux_2_17_i686.manylinux2014_i686.whl", hash = "sha256:6a1cfb04eda979b20c8c19550c8b5f498df64ff8da151283311ce3199e8b3648", size = 14016100, upload-time = "2025-12-11T21:39:41.948Z" },
    { url = "https://files.pythonhosted.org/packages/a6/31/f064f4ec32524f9956a0890fc6a944e5cf06c63c554e39957d208c0ffc45/ruff-0.14.9-py3-none-manylinux_2_17_ppc64.manylinux2014_ppc64.whl", hash = "sha256:1e5cb521e5ccf0008bd74d5595a4580313844a42b9103b7388eca5a12c970743", size = 15477729, upload-time = "2025-12-11T21:39:23.279Z" },
    { url = "https://files.pythonhosted.org/packages/7a/6d/f364252aad36ccd443494bc5f02e41bf677f964b58902a17c0b16c53d890/ruff-0.14.9-py3-none-manylinux_2_17_ppc64le.manylinux2014_ppc64le.whl", hash = "sha256:cd429a8926be6bba4befa8cdcf3f4dd2591c413ea5066b1e99155ed245ae42bb", size = 15122386, upload-time = "2025-12-11T21:39:33.125Z" },
    { url = "https://files.pythonhosted.org/packages/20/02/e848787912d16209aba2799a4d5a1775660b6a3d0ab3944a4ccc13e64a02/ruff-0.14.9-py3-none-manylinux_2_17_s390x.manylinux2014_s390x.whl", hash = "sha256:ab208c1b7a492e37caeaf290b1378148f75e13c2225af5d44628b95fd7834273", size = 14497124, upload-time = "2025-12-11T21:38:59.33Z" },
    { url = "https://files.pythonhosted.org/packages/f3/51/0489a6a5595b7760b5dbac0dd82852b510326e7d88d51dbffcd2e07e3ff3/ruff-0.14.9-py3-none-manylinux_2_17_x86_64.manylinux2014_x86_64.whl", hash = "sha256:72034534e5b11e8a593f517b2f2f2b273eb68a30978c6a2d40473ad0aaa4cb4a", size = 14195343, upload-time = "2025-12-11T21:39:44.866Z" },
    { url = "https://files.pythonhosted.org/packages/f6/53/3bb8d2fa73e4c2f80acc65213ee0830fa0c49c6479313f7a68a00f39e208/ruff-0.14.9-py3-none-manylinux_2_31_riscv64.whl", hash = "sha256:712ff04f44663f1b90a1195f51525836e3413c8a773574a7b7775554269c30ed", size = 14346425, upload-time = "2025-12-11T21:39:05.927Z" },
    { url = "https://files.pythonhosted.org/packages/ad/04/bdb1d0ab876372da3e983896481760867fc84f969c5c09d428e8f01b557f/ruff-0.14.9-py3-none-musllinux_1_2_aarch64.whl", hash = "sha256:a111fee1db6f1d5d5810245295527cda1d367c5aa8f42e0fca9a78ede9b4498b", size = 13258768, upload-time = "2025-12-11T21:39:08.691Z" },
    { url = "https://files.pythonhosted.org/packages/40/d9/8bf8e1e41a311afd2abc8ad12be1b6c6c8b925506d9069b67bb5e9a04af3/ruff-0.14.9-py3-none-musllinux_1_2_armv7l.whl", hash = "sha256:8769efc71558fecc25eb295ddec7d1030d41a51e9dcf127cbd63ec517f22d567", size = 13326939, upload-time = "2025-12-11T21:39:53.842Z" },
    { url = "https://files.pythonhosted.org/packages/f4/56/a213fa9edb6dd849f1cfbc236206ead10913693c72a67fb7ddc1833bf95d/ruff-0.14.9-py3-none-musllinux_1_2_i686.whl", hash = "sha256:347e3bf16197e8a2de17940cd75fd6491e25c0aa7edf7d61aa03f146a1aa885a", size = 13578888, upload-time = "2025-12-11T21:39:35.988Z" },
    { url = "https://files.pythonhosted.org/packages/33/09/6a4a67ffa4abae6bf44c972a4521337ffce9cbc7808faadede754ef7a79c/ruff-0.14.9-py3-none-musllinux_1_2_x86_64.whl", hash = "sha256:7715d14e5bccf5b660f54516558aa94781d3eb0838f8e706fb60e3ff6eff03a8", size = 14314473, upload-time = "2025-12-11T21:39:50.78Z" },
    { url = "https://files.pythonhosted.org/packages/12/0d/15cc82da5d83f27a3c6b04f3a232d61bc8c50d38a6cd8da79228e5f8b8d6/ruff-0.14.9-py3-none-win32.whl", hash = "sha256:df0937f30aaabe83da172adaf8937003ff28172f59ca9f17883b4213783df197", size = 13202651, upload-time = "2025-12-11T21:39:26.628Z" },
    { url = "https://files.pythonhosted.org/packages/32/f7/c78b060388eefe0304d9d42e68fab8cffd049128ec466456cef9b8d4f06f/ruff-0.14.9-py3-none-win_amd64.whl", hash = "sha256:c0b53a10e61df15a42ed711ec0bda0c582039cf6c754c49c020084c55b5b0bc2", size = 14702079, upload-time = "2025-12-11T21:39:11.954Z" },
    { url = "https://files.pythonhosted.org/packages/26/09/7a9520315decd2334afa65ed258fed438f070e31f05a2e43dd480a5e5911/ruff-0.14.9-py3-none-win_arm64.whl", hash = "sha256:8e821c366517a074046d92f0e9213ed1c13dbc5b37a7fc20b07f79b64d62cc84", size = 13744730, upload-time = "2025-12-11T21:39:29.659Z" },
]

[[package]]
name = "sqlparse"
version = "0.5.4"
source = { registry = "https://pypi.org/simple" }
sdist = { url = "https://files.pythonhosted.org/packages/18/67/701f86b28d63b2086de47c942eccf8ca2208b3be69715a1119a4e384415a/sqlparse-0.5.4.tar.gz", hash = "sha256:4396a7d3cf1cd679c1be976cf3dc6e0a51d0111e87787e7a8d780e7d5a998f9e", size = 120112, upload-time = "2025-11-28T07:10:18.377Z" }
wheels = [
    { url = "https://files.pythonhosted.org/packages/25/70/001ee337f7aa888fb2e3f5fd7592a6afc5283adb1ed44ce8df5764070f22/sqlparse-0.5.4-py3-none-any.whl", hash = "sha256:99a9f0314977b76d776a0fcb8554de91b9bb8a18560631d6bc48721d07023dcb", size = 45933, upload-time = "2025-11-28T07:10:19.73Z" },
]

[[package]]
name = "tzdata"
version = "2025.3"
source = { registry = "https://pypi.org/simple" }
sdist = { url = "https://files.pythonhosted.org/packages/5e/a7/c202b344c5ca7daf398f3b8a477eeb205cf3b6f32e7ec3a6bac0629ca975/tzdata-2025.3.tar.gz", hash = "sha256:de39c2ca5dc7b0344f2eba86f49d614019d29f060fc4ebc8a417896a620b56a7", size = 196772, upload-time = "2025-12-13T17:45:35.667Z" }
wheels = [
    { url = "https://files.pythonhosted.org/packages/c7/b0/003792df09decd6849a5e39c28b513c06e84436a54440380862b5aeff25d/tzdata-2025.3-py2.py3-none-any.whl", hash = "sha256:06a47e5700f3081aab02b2e513160914ff0694bce9947d6b76ebd6bf57cfc5d1", size = 348521, upload-time = "2025-12-13T17:45:33.889Z" },
]

[[package]]
name = "webencodings"
version = "0.5.1"
source = { registry = "https://pypi.org/simple" }
sdist = { url = "https://files.pythonhosted.org/packages/0b/02/ae6ceac1baeda530866a85075641cec12989bd8d31af6d5ab4a3e8c92f47/webencodings-0.5.1.tar.gz", hash = "sha256:b36a1c245f2d304965eb4e0a82848379241dc04b865afcc4aab16748587e1923", size = 9721, upload-time = "2017-04-05T20:21:34.189Z" }
wheels = [
    { url = "https://files.pythonhosted.org/packages/f4/24/2a3e3df732393fed8b3ebf2ec078f05546de641fe1b667ee316ec1dcf3b7/webencodings-0.5.1-py2.py3-none-any.whl", hash = "sha256:a0af1213f3c2226497a97e2b3aa01a7e4bee4f403f95be16fc9acd2947514a78", size = 11774, upload-time = "2017-04-05T20:21:32.581Z" },
]
